
Microsoft Visual Studio Solution File, Format Version 12.00
# Visual Studio 2012
Project("{FAE04EC0-301F-11D3-BF4B-00C04F79EFBC}") = "AES", "AES\AES.csproj", "{610434AF-5D35-43DD-8ABD-318CF2DD4D53}"
EndProject
Project("{FAE04EC0-301F-11D3-BF4B-00C04F79EFBC}") = "AesIntegrationTests", "AesIntegrationTests\AesIntegrationTests.csproj", "{89DCB058-2F4F-4F9F-931F-7C89777C3D4E}"
EndProject
Project("{FAE04EC0-301F-11D3-BF4B-00C04F79EFBC}") = "AesUnitTests", "AesUnitTests\AesUnitTests.csproj", "{0A730784-72A9-43BB-9014-8A3D144A0D1A}"
EndProject
Global
	GlobalSection(TeamFoundationVersionControl) = preSolution
		SccNumberOfProjects = 4
		SccEnterpriseProvider = {4CA58AB2-18FA-4F8D-95D4-32DDF27D184C}
		SccTeamFoundationServer = http://ashe-pc:8080/tfs/defaultcollection
		SccLocalPath0 = .
		SccProjectUniqueName1 = AES\\AES.csproj
		SccProjectName1 = AES
		SccLocalPath1 = AES
		SccProjectUniqueName2 = AesIntegrationTests\\AesIntegrationTests.csproj
		SccProjectName2 = AesIntegrationTests
		SccLocalPath2 = AesIntegrationTests
		SccProjectUniqueName3 = AesUnitTests\\AesUnitTests.csproj
		SccProjectName3 = AesUnitTests
		SccLocalPath3 = AesUnitTests
	EndGlobalSection
	GlobalSection(SolutionConfigurationPlatforms) = preSolution
		Debug|Any CPU = Debug|Any CPU
		Release|Any CPU = Release|Any CPU
	EndGlobalSection
	GlobalSection(ProjectConfigurationPlatforms) = postSolution
		{610434AF-5D35-43DD-8ABD-318CF2DD4D53}.Debug|Any CPU.ActiveCfg = Debug|Any CPU
		{610434AF-5D35-43DD-8ABD-318CF2DD4D53}.Debug|Any CPU.Build.0 = Debug|Any CPU
		{610434AF-5D35-43DD-8ABD-318CF2DD4D53}.Release|Any CPU.ActiveCfg = Release|Any CPU
		{610434AF-5D35-43DD-8ABD-318CF2DD4D53}.Release|Any CPU.Build.0 = Release|Any CPU
		{89DCB058-2F4F-4F9F-931F-7C89777C3D4E}.Debug|Any CPU.ActiveCfg = Debug|Any CPU
		{89DCB058-2F4F-4F9F-931F-7C89777C3D4E}.Debug|Any CPU.Build.0 = Debug|Any CPU
		{89DCB058-2F4F-4F9F-931F-7C89777C3D4E}.Release|Any CPU.ActiveCfg = Release|Any CPU
		{89DCB058-2F4F-4F9F-931F-7C89777C3D4E}.Release|Any CPU.Build.0 = Release|Any CPU
		{0A730784-72A9-43BB-9014-8A3D144A0D1A}.Debug|Any CPU.ActiveCfg = Debug|Any CPU
		{0A730784-72A9-43BB-9014-8A3D144A0D1A}.Debug|Any CPU.Build.0 = Debug|Any CPU
		{0A730784-72A9-43BB-9014-8A3D144A0D1A}.Release|Any CPU.ActiveCfg = Release|Any CPU
		{0A730784-72A9-43BB-9014-8A3D144A0D1A}.Release|Any CPU.Build.0 = Release|Any CPU
	EndGlobalSection
	GlobalSection(SolutionProperties) = preSolution
		HideSolutionNode = FALSE
	EndGlobalSection
EndGlobal
